// !$*UTF8*$!
{
	archiveVersion = 1;
	classes = {
	};
	objectVersion = 52;
	objects = {

/* Begin PBXBuildFile section */
		C21029EB27466C5F0086B9B4 /* Appearance.swift in Sources */ = {isa = PBXBuildFile; fileRef = C21029EA27466C5F0086B9B4 /* Appearance.swift */; };
		C2165D7E26E6CD2200808E86 /* LineViewModel.swift in Sources */ = {isa = PBXBuildFile; fileRef = C2165D7D26E6CD2200808E86 /* LineViewModel.swift */; };
		C226AED2273B4B67009E488D /* SearchFavLinesView.swift in Sources */ = {isa = PBXBuildFile; fileRef = C226AED1273B4B67009E488D /* SearchFavLinesView.swift */; };
		C226AED5273B5447009E488D /* StandardFavouriteLineView.swift in Sources */ = {isa = PBXBuildFile; fileRef = C226AED4273B5447009E488D /* StandardFavouriteLineView.swift */; };
		C22A919526DFAA24007C5AAE /* komunikacjaliveApp.swift in Sources */ = {isa = PBXBuildFile; fileRef = C22A919426DFAA24007C5AAE /* komunikacjaliveApp.swift */; };
		C22A919726DFAA24007C5AAE /* ContentView.swift in Sources */ = {isa = PBXBuildFile; fileRef = C22A919626DFAA24007C5AAE /* ContentView.swift */; };
		C22A919926DFAA25007C5AAE /* Assets.xcassets in Resources */ = {isa = PBXBuildFile; fileRef = C22A919826DFAA25007C5AAE /* Assets.xcassets */; };
		C22A919C26DFAA25007C5AAE /* Preview Assets.xcassets in Resources */ = {isa = PBXBuildFile; fileRef = C22A919B26DFAA25007C5AAE /* Preview Assets.xcassets */; };
		C22A91A726DFAA25007C5AAE /* komunikacjaliveTests.swift in Sources */ = {isa = PBXBuildFile; fileRef = C22A91A626DFAA25007C5AAE /* komunikacjaliveTests.swift */; };
		C22A91B226DFAA25007C5AAE /* komunikacjaliveUITests.swift in Sources */ = {isa = PBXBuildFile; fileRef = C22A91B126DFAA25007C5AAE /* komunikacjaliveUITests.swift */; };
		C22A91CA26DFAA89007C5AAE /* MapView.swift in Sources */ = {isa = PBXBuildFile; fileRef = C22A91C926DFAA89007C5AAE /* MapView.swift */; };
		C241E68E27161DE500F6F5F7 /* SideMenuView.swift in Sources */ = {isa = PBXBuildFile; fileRef = C241E68D27161DE500F6F5F7 /* SideMenuView.swift */; };
		C241E692271623F000F6F5F7 /* SideMenuHeaderView.swift in Sources */ = {isa = PBXBuildFile; fileRef = C241E691271623F000F6F5F7 /* SideMenuHeaderView.swift */; };
		C241E6942716279D00F6F5F7 /* SideMenuViewOption.swift in Sources */ = {isa = PBXBuildFile; fileRef = C241E6932716279D00F6F5F7 /* SideMenuViewOption.swift */; };
		C241E6962716297F00F6F5F7 /* SideMenuCell.swift in Sources */ = {isa = PBXBuildFile; fileRef = C241E6952716297F00F6F5F7 /* SideMenuCell.swift */; };
		C246C7FA26E0F2CF00D9F693 /* MockData.swift in Sources */ = {isa = PBXBuildFile; fileRef = C246C7F926E0F2CF00D9F693 /* MockData.swift */; };
		C246C80226E1057400D9F693 /* MapViewModel.swift in Sources */ = {isa = PBXBuildFile; fileRef = C246C80126E1057400D9F693 /* MapViewModel.swift */; };
		C24AEA3C272443E500E34979 /* ClusterView.swift in Sources */ = {isa = PBXBuildFile; fileRef = C24AEA3B272443E500E34979 /* ClusterView.swift */; };
		C24FEA80270FA30000B61F79 /* OnboardingContainerView.swift in Sources */ = {isa = PBXBuildFile; fileRef = C24FEA7F270FA30000B61F79 /* OnboardingContainerView.swift */; };
		C24FEA82270FA30E00B61F79 /* OnboardingContentView.swift in Sources */ = {isa = PBXBuildFile; fileRef = C24FEA81270FA30E00B61F79 /* OnboardingContentView.swift */; };
		C24FEA84270FA52300B61F79 /* OnboardingFeature.swift in Sources */ = {isa = PBXBuildFile; fileRef = C24FEA83270FA52300B61F79 /* OnboardingFeature.swift */; };
		C2588F8426DFBD2B00574135 /* VehicleAnnotation.swift in Sources */ = {isa = PBXBuildFile; fileRef = C2588F8326DFBD2B00574135 /* VehicleAnnotation.swift */; };
		C260568826FB74A400A7CF63 /* BusAndTram.swift in Sources */ = {isa = PBXBuildFile; fileRef = C260568726FB74A400A7CF63 /* BusAndTram.swift */; };
		C261BE5C27459DAC00553072 /* Lottie in Frameworks */ = {isa = PBXBuildFile; productRef = C261BE5B27459DAC00553072 /* Lottie */; };
		C261BE5E27459DCD00553072 /* LottieView.swift in Sources */ = {isa = PBXBuildFile; fileRef = C261BE5D27459DCD00553072 /* LottieView.swift */; };
		C26A559826ED55EF00199CC6 /* LineService.swift in Sources */ = {isa = PBXBuildFile; fileRef = C26A559726ED55EF00199CC6 /* LineService.swift */; };
		C26A559A26ED678E00199CC6 /* APIError.swift in Sources */ = {isa = PBXBuildFile; fileRef = C26A559926ED678E00199CC6 /* APIError.swift */; };
		C2860D6926E243D0006BF804 /* ModalPopUpView.swift in Sources */ = {isa = PBXBuildFile; fileRef = C2860D6826E243D0006BF804 /* ModalPopUpView.swift */; };
		C2860D7626E25085006BF804 /* SearchBar.swift in Sources */ = {isa = PBXBuildFile; fileRef = C2860D7526E25085006BF804 /* SearchBar.swift */; };
		C2860D8426E26A79006BF804 /* GlobalHelpers.swift in Sources */ = {isa = PBXBuildFile; fileRef = C2860D8326E26A78006BF804 /* GlobalHelpers.swift */; };
		C29F5DFC26E1924C00E3B35B /* StandardLineView.swift in Sources */ = {isa = PBXBuildFile; fileRef = C29F5DFB26E1924C00E3B35B /* StandardLineView.swift */; };
		C29F5E0F26E19A0F00E3B35B /* SearchLinesView.swift in Sources */ = {isa = PBXBuildFile; fileRef = C29F5E0E26E19A0F00E3B35B /* SearchLinesView.swift */; };
		C2C7C80D26ED7E1F00844546 /* ErrorView.swift in Sources */ = {isa = PBXBuildFile; fileRef = C2C7C80C26ED7E1F00844546 /* ErrorView.swift */; };
		C2C7C80F26ED7E2500844546 /* LoadingView.swift in Sources */ = {isa = PBXBuildFile; fileRef = C2C7C80E26ED7E2500844546 /* LoadingView.swift */; };
		C2CC359E27176BA90065B6DD /* ExampleView.swift in Sources */ = {isa = PBXBuildFile; fileRef = C2CC359D27176BA90065B6DD /* ExampleView.swift */; };
		C2CEF9A126F397A3001BC244 /* MapViewRep.swift in Sources */ = {isa = PBXBuildFile; fileRef = C2CEF9A026F397A3001BC244 /* MapViewRep.swift */; };
		C2CEF9A326F39AFA001BC244 /* Home.swift in Sources */ = {isa = PBXBuildFile; fileRef = C2CEF9A226F39AFA001BC244 /* Home.swift */; };
		C2F10DA427358F54006DD5F4 /* InformationAboutAnnotations.swift in Sources */ = {isa = PBXBuildFile; fileRef = C2F10DA327358F54006DD5F4 /* InformationAboutAnnotations.swift */; };
		C2FB99B9271E1CCC00523488 /* BusAndTramMarkerView.swift in Sources */ = {isa = PBXBuildFile; fileRef = C2FB99B8271E1CCC00523488 /* BusAndTramMarkerView.swift */; };
		C2FB99BB271ED6A900523488 /* AnnotationView.swift in Sources */ = {isa = PBXBuildFile; fileRef = C2FB99BA271ED6A900523488 /* AnnotationView.swift */; };
/* End PBXBuildFile section */

/* Begin PBXContainerItemProxy section */
		C22A91A326DFAA25007C5AAE /* PBXContainerItemProxy */ = {
			isa = PBXContainerItemProxy;
			containerPortal = C22A918926DFAA24007C5AAE /* Project object */;
			proxyType = 1;
			remoteGlobalIDString = C22A919026DFAA24007C5AAE;
			remoteInfo = komunikacjalive;
		};
		C22A91AE26DFAA25007C5AAE /* PBXContainerItemProxy */ = {
			isa = PBXContainerItemProxy;
			containerPortal = C22A918926DFAA24007C5AAE /* Project object */;
			proxyType = 1;
			remoteGlobalIDString = C22A919026DFAA24007C5AAE;
			remoteInfo = komunikacjalive;
		};
/* End PBXContainerItemProxy section */

/* Begin PBXFileReference section */
		C21029EA27466C5F0086B9B4 /* Appearance.swift */ = {isa = PBXFileReference; lastKnownFileType = sourcecode.swift; path = Appearance.swift; sourceTree = "<group>"; };
		C2165D7D26E6CD2200808E86 /* LineViewModel.swift */ = {isa = PBXFileReference; lastKnownFileType = sourcecode.swift; path = LineViewModel.swift; sourceTree = "<group>"; };
		C226AED1273B4B67009E488D /* SearchFavLinesView.swift */ = {isa = PBXFileReference; lastKnownFileType = sourcecode.swift; path = SearchFavLinesView.swift; sourceTree = "<group>"; };
		C226AED4273B5447009E488D /* StandardFavouriteLineView.swift */ = {isa = PBXFileReference; lastKnownFileType = sourcecode.swift; path = StandardFavouriteLineView.swift; sourceTree = "<group>"; };
		C22A919126DFAA24007C5AAE /* komunikacjalive.app */ = {isa = PBXFileReference; explicitFileType = wrapper.application; includeInIndex = 0; path = komunikacjalive.app; sourceTree = BUILT_PRODUCTS_DIR; };
		C22A919426DFAA24007C5AAE /* komunikacjaliveApp.swift */ = {isa = PBXFileReference; lastKnownFileType = sourcecode.swift; path = komunikacjaliveApp.swift; sourceTree = "<group>"; };
		C22A919626DFAA24007C5AAE /* ContentView.swift */ = {isa = PBXFileReference; lastKnownFileType = sourcecode.swift; path = ContentView.swift; sourceTree = "<group>"; };
		C22A919826DFAA25007C5AAE /* Assets.xcassets */ = {isa = PBXFileReference; lastKnownFileType = folder.assetcatalog; path = Assets.xcassets; sourceTree = "<group>"; };
		C22A919B26DFAA25007C5AAE /* Preview Assets.xcassets */ = {isa = PBXFileReference; lastKnownFileType = folder.assetcatalog; path = "Preview Assets.xcassets"; sourceTree = "<group>"; };
		C22A919D26DFAA25007C5AAE /* Info.plist */ = {isa = PBXFileReference; lastKnownFileType = text.plist.xml; path = Info.plist; sourceTree = "<group>"; };
		C22A91A226DFAA25007C5AAE /* komunikacjaliveTests.xctest */ = {isa = PBXFileReference; explicitFileType = wrapper.cfbundle; includeInIndex = 0; path = komunikacjaliveTests.xctest; sourceTree = BUILT_PRODUCTS_DIR; };
		C22A91A626DFAA25007C5AAE /* komunikacjaliveTests.swift */ = {isa = PBXFileReference; lastKnownFileType = sourcecode.swift; path = komunikacjaliveTests.swift; sourceTree = "<group>"; };
		C22A91A826DFAA25007C5AAE /* Info.plist */ = {isa = PBXFileReference; lastKnownFileType = text.plist.xml; path = Info.plist; sourceTree = "<group>"; };
		C22A91AD26DFAA25007C5AAE /* komunikacjaliveUITests.xctest */ = {isa = PBXFileReference; explicitFileType = wrapper.cfbundle; includeInIndex = 0; path = komunikacjaliveUITests.xctest; sourceTree = BUILT_PRODUCTS_DIR; };
		C22A91B126DFAA25007C5AAE /* komunikacjaliveUITests.swift */ = {isa = PBXFileReference; lastKnownFileType = sourcecode.swift; path = komunikacjaliveUITests.swift; sourceTree = "<group>"; };
		C22A91B326DFAA25007C5AAE /* Info.plist */ = {isa = PBXFileReference; lastKnownFileType = text.plist.xml; path = Info.plist; sourceTree = "<group>"; };
		C22A91C926DFAA89007C5AAE /* MapView.swift */ = {isa = PBXFileReference; lastKnownFileType = sourcecode.swift; path = MapView.swift; sourceTree = "<group>"; };
		C241E68D27161DE500F6F5F7 /* SideMenuView.swift */ = {isa = PBXFileReference; lastKnownFileType = sourcecode.swift; path = SideMenuView.swift; sourceTree = "<group>"; };
		C241E691271623F000F6F5F7 /* SideMenuHeaderView.swift */ = {isa = PBXFileReference; lastKnownFileType = sourcecode.swift; path = SideMenuHeaderView.swift; sourceTree = "<group>"; };
		C241E6932716279D00F6F5F7 /* SideMenuViewOption.swift */ = {isa = PBXFileReference; lastKnownFileType = sourcecode.swift; path = SideMenuViewOption.swift; sourceTree = "<group>"; };
		C241E6952716297F00F6F5F7 /* SideMenuCell.swift */ = {isa = PBXFileReference; lastKnownFileType = sourcecode.swift; path = SideMenuCell.swift; sourceTree = "<group>"; };
		C246C7F926E0F2CF00D9F693 /* MockData.swift */ = {isa = PBXFileReference; lastKnownFileType = sourcecode.swift; path = MockData.swift; sourceTree = "<group>"; };
		C246C80126E1057400D9F693 /* MapViewModel.swift */ = {isa = PBXFileReference; lastKnownFileType = sourcecode.swift; path = MapViewModel.swift; sourceTree = "<group>"; };
		C24AEA3B272443E500E34979 /* ClusterView.swift */ = {isa = PBXFileReference; lastKnownFileType = sourcecode.swift; path = ClusterView.swift; sourceTree = "<group>"; };
		C24FEA7F270FA30000B61F79 /* OnboardingContainerView.swift */ = {isa = PBXFileReference; lastKnownFileType = sourcecode.swift; path = OnboardingContainerView.swift; sourceTree = "<group>"; };
		C24FEA81270FA30E00B61F79 /* OnboardingContentView.swift */ = {isa = PBXFileReference; lastKnownFileType = sourcecode.swift; path = OnboardingContentView.swift; sourceTree = "<group>"; };
		C24FEA83270FA52300B61F79 /* OnboardingFeature.swift */ = {isa = PBXFileReference; lastKnownFileType = sourcecode.swift; path = OnboardingFeature.swift; sourceTree = "<group>"; };
		C2588F8326DFBD2B00574135 /* VehicleAnnotation.swift */ = {isa = PBXFileReference; lastKnownFileType = sourcecode.swift; path = VehicleAnnotation.swift; sourceTree = "<group>"; };
		C260568726FB74A400A7CF63 /* BusAndTram.swift */ = {isa = PBXFileReference; lastKnownFileType = sourcecode.swift; path = BusAndTram.swift; sourceTree = "<group>"; };
		C261BE5D27459DCD00553072 /* LottieView.swift */ = {isa = PBXFileReference; lastKnownFileType = sourcecode.swift; path = LottieView.swift; sourceTree = "<group>"; };
		C26A559726ED55EF00199CC6 /* LineService.swift */ = {isa = PBXFileReference; lastKnownFileType = sourcecode.swift; path = LineService.swift; sourceTree = "<group>"; };
		C26A559926ED678E00199CC6 /* APIError.swift */ = {isa = PBXFileReference; lastKnownFileType = sourcecode.swift; path = APIError.swift; sourceTree = "<group>"; };
		C2860D6826E243D0006BF804 /* ModalPopUpView.swift */ = {isa = PBXFileReference; lastKnownFileType = sourcecode.swift; path = ModalPopUpView.swift; sourceTree = "<group>"; };
		C2860D7526E25085006BF804 /* SearchBar.swift */ = {isa = PBXFileReference; lastKnownFileType = sourcecode.swift; path = SearchBar.swift; sourceTree = "<group>"; };
		C2860D8326E26A78006BF804 /* GlobalHelpers.swift */ = {isa = PBXFileReference; lastKnownFileType = sourcecode.swift; path = GlobalHelpers.swift; sourceTree = "<group>"; };
		C29F5DFB26E1924C00E3B35B /* StandardLineView.swift */ = {isa = PBXFileReference; lastKnownFileType = sourcecode.swift; path = StandardLineView.swift; sourceTree = "<group>"; };
		C29F5E0E26E19A0F00E3B35B /* SearchLinesView.swift */ = {isa = PBXFileReference; lastKnownFileType = sourcecode.swift; path = SearchLinesView.swift; sourceTree = "<group>"; };
		C2C7C80C26ED7E1F00844546 /* ErrorView.swift */ = {isa = PBXFileReference; lastKnownFileType = sourcecode.swift; path = ErrorView.swift; sourceTree = "<group>"; };
		C2C7C80E26ED7E2500844546 /* LoadingView.swift */ = {isa = PBXFileReference; lastKnownFileType = sourcecode.swift; path = LoadingView.swift; sourceTree = "<group>"; };
		C2CC359D27176BA90065B6DD /* ExampleView.swift */ = {isa = PBXFileReference; lastKnownFileType = sourcecode.swift; path = ExampleView.swift; sourceTree = "<group>"; };
		C2CEF9A026F397A3001BC244 /* MapViewRep.swift */ = {isa = PBXFileReference; lastKnownFileType = sourcecode.swift; path = MapViewRep.swift; sourceTree = "<group>"; };
		C2CEF9A226F39AFA001BC244 /* Home.swift */ = {isa = PBXFileReference; lastKnownFileType = sourcecode.swift; path = Home.swift; sourceTree = "<group>"; };
		C2F10DA327358F54006DD5F4 /* InformationAboutAnnotations.swift */ = {isa = PBXFileReference; fileEncoding = 4; lastKnownFileType = sourcecode.swift; name = InformationAboutAnnotations.swift; path = ../InformationAboutAnnotations.swift; sourceTree = "<group>"; };
		C2FB99B8271E1CCC00523488 /* BusAndTramMarkerView.swift */ = {isa = PBXFileReference; lastKnownFileType = sourcecode.swift; path = BusAndTramMarkerView.swift; sourceTree = "<group>"; };
		C2FB99BA271ED6A900523488 /* AnnotationView.swift */ = {isa = PBXFileReference; lastKnownFileType = sourcecode.swift; path = AnnotationView.swift; sourceTree = "<group>"; };
/* End PBXFileReference section */

/* Begin PBXFrameworksBuildPhase section */
		C22A918E26DFAA24007C5AAE /* Frameworks */ = {
			isa = PBXFrameworksBuildPhase;
			buildActionMask = 2147483647;
			files = (
				C261BE5C27459DAC00553072 /* Lottie in Frameworks */,
			);
			runOnlyForDeploymentPostprocessing = 0;
		};
		C22A919F26DFAA25007C5AAE /* Frameworks */ = {
			isa = PBXFrameworksBuildPhase;
			buildActionMask = 2147483647;
			files = (
			);
			runOnlyForDeploymentPostprocessing = 0;
		};
		C22A91AA26DFAA25007C5AAE /* Frameworks */ = {
			isa = PBXFrameworksBuildPhase;
			buildActionMask = 2147483647;
			files = (
			);
			runOnlyForDeploymentPostprocessing = 0;
		};
/* End PBXFrameworksBuildPhase section */

/* Begin PBXGroup section */
		C226AED3273B50AD009E488D /* FavouriteSection */ = {
			isa = PBXGroup;
			children = (
				C226AED1273B4B67009E488D /* SearchFavLinesView.swift */,
				C226AED4273B5447009E488D /* StandardFavouriteLineView.swift */,
			);
			path = FavouriteSection;
			sourceTree = "<group>";
		};
		C22A918826DFAA24007C5AAE = {
			isa = PBXGroup;
			children = (
				C22A919326DFAA24007C5AAE /* komunikacjalive */,
				C22A91A526DFAA25007C5AAE /* komunikacjaliveTests */,
				C22A91B026DFAA25007C5AAE /* komunikacjaliveUITests */,
				C22A919226DFAA24007C5AAE /* Products */,
			);
			sourceTree = "<group>";
		};
		C22A919226DFAA24007C5AAE /* Products */ = {
			isa = PBXGroup;
			children = (
				C22A919126DFAA24007C5AAE /* komunikacjalive.app */,
				C22A91A226DFAA25007C5AAE /* komunikacjaliveTests.xctest */,
				C22A91AD26DFAA25007C5AAE /* komunikacjaliveUITests.xctest */,
			);
			name = Products;
			sourceTree = "<group>";
		};
		C22A919326DFAA24007C5AAE /* komunikacjalive */ = {
			isa = PBXGroup;
			children = (
				C22A919426DFAA24007C5AAE /* komunikacjaliveApp.swift */,
				C22A919626DFAA24007C5AAE /* ContentView.swift */,
				C22A91C226DFAA51007C5AAE /* Model */,
				C22A91C326DFAA5A007C5AAE /* View */,
				C22A91C426DFAA71007C5AAE /* ViewModel */,
				C26A559626ED55DB00199CC6 /* API */,
				C246C7F826E0F2A700D9F693 /* Helpers */,
				C22A919826DFAA25007C5AAE /* Assets.xcassets */,
				C22A919D26DFAA25007C5AAE /* Info.plist */,
				C22A919A26DFAA25007C5AAE /* Preview Content */,
			);
			path = komunikacjalive;
			sourceTree = "<group>";
		};
		C22A919A26DFAA25007C5AAE /* Preview Content */ = {
			isa = PBXGroup;
			children = (
				C22A919B26DFAA25007C5AAE /* Preview Assets.xcassets */,
			);
			path = "Preview Content";
			sourceTree = "<group>";
		};
		C22A91A526DFAA25007C5AAE /* komunikacjaliveTests */ = {
			isa = PBXGroup;
			children = (
				C22A91A626DFAA25007C5AAE /* komunikacjaliveTests.swift */,
				C22A91A826DFAA25007C5AAE /* Info.plist */,
			);
			path = komunikacjaliveTests;
			sourceTree = "<group>";
		};
		C22A91B026DFAA25007C5AAE /* komunikacjaliveUITests */ = {
			isa = PBXGroup;
			children = (
				C22A91B126DFAA25007C5AAE /* komunikacjaliveUITests.swift */,
				C22A91B326DFAA25007C5AAE /* Info.plist */,
			);
			path = komunikacjaliveUITests;
			sourceTree = "<group>";
		};
		C22A91C226DFAA51007C5AAE /* Model */ = {
			isa = PBXGroup;
			children = (
				C260568726FB74A400A7CF63 /* BusAndTram.swift */,
				C2588F8326DFBD2B00574135 /* VehicleAnnotation.swift */,
				C2FB99BA271ED6A900523488 /* AnnotationView.swift */,
				C2FB99BC271EE7BC00523488 /* Archival */,
				C24AEA3B272443E500E34979 /* ClusterView.swift */,
			);
			path = Model;
			sourceTree = "<group>";
		};
		C22A91C326DFAA5A007C5AAE /* View */ = {
			isa = PBXGroup;
			children = (
				C241E68C27161CAB00F6F5F7 /* SideMenu */,
				C24FEA7A270F5AFE00B61F79 /* Onboarding */,
				C29F5DFA26E1923500E3B35B /* SearchLineView */,
				C2CEF99F26F39795001BC244 /* MapViewRep */,
				C22A91C826DFAA80007C5AAE /* MapView */,
				C2C7C80726ED7D9200844546 /* RelatedAPIView */,
				C261BE592745729500553072 /* Animation */,
			);
			path = View;
			sourceTree = "<group>";
		};
		C22A91C426DFAA71007C5AAE /* ViewModel */ = {
			isa = PBXGroup;
			children = (
				C246C80126E1057400D9F693 /* MapViewModel.swift */,
				C2165D7D26E6CD2200808E86 /* LineViewModel.swift */,
			);
			path = ViewModel;
			sourceTree = "<group>";
		};
		C22A91C826DFAA80007C5AAE /* MapView */ = {
			isa = PBXGroup;
			children = (
				C22A91C926DFAA89007C5AAE /* MapView.swift */,
			);
			path = MapView;
			sourceTree = "<group>";
		};
		C241E68C27161CAB00F6F5F7 /* SideMenu */ = {
			isa = PBXGroup;
			children = (
				C241E68D27161DE500F6F5F7 /* SideMenuView.swift */,
				C241E691271623F000F6F5F7 /* SideMenuHeaderView.swift */,
				C241E6932716279D00F6F5F7 /* SideMenuViewOption.swift */,
				C241E6952716297F00F6F5F7 /* SideMenuCell.swift */,
				C2CC359D27176BA90065B6DD /* ExampleView.swift */,
			);
			path = SideMenu;
			sourceTree = "<group>";
		};
		C246C7F826E0F2A700D9F693 /* Helpers */ = {
			isa = PBXGroup;
			children = (
				C246C7F926E0F2CF00D9F693 /* MockData.swift */,
				C2860D8326E26A78006BF804 /* GlobalHelpers.swift */,
				C21029EA27466C5F0086B9B4 /* Appearance.swift */,
			);
			path = Helpers;
			sourceTree = "<group>";
		};
		C24FEA7A270F5AFE00B61F79 /* Onboarding */ = {
			isa = PBXGroup;
			children = (
				C24FEA7F270FA30000B61F79 /* OnboardingContainerView.swift */,
				C24FEA81270FA30E00B61F79 /* OnboardingContentView.swift */,
				C24FEA85270FAB1A00B61F79 /* OnboardingModel */,
			);
			path = Onboarding;
			sourceTree = "<group>";
		};
		C24FEA85270FAB1A00B61F79 /* OnboardingModel */ = {
			isa = PBXGroup;
			children = (
				C24FEA83270FA52300B61F79 /* OnboardingFeature.swift */,
			);
			path = OnboardingModel;
			sourceTree = "<group>";
		};
		C261BE592745729500553072 /* Animation */ = {
			isa = PBXGroup;
			children = (
				C261BE5D27459DCD00553072 /* LottieView.swift */,
			);
			path = Animation;
			sourceTree = "<group>";
		};
		C26A559626ED55DB00199CC6 /* API */ = {
			isa = PBXGroup;
			children = (
				C26A559726ED55EF00199CC6 /* LineService.swift */,
				C26A559926ED678E00199CC6 /* APIError.swift */,
			);
			path = API;
			sourceTree = "<group>";
		};
		C29F5DFA26E1923500E3B35B /* SearchLineView */ = {
			isa = PBXGroup;
			children = (
				C226AED3273B50AD009E488D /* FavouriteSection */,
				C2860D6826E243D0006BF804 /* ModalPopUpView.swift */,
				C2860D7526E25085006BF804 /* SearchBar.swift */,
				C29F5E0E26E19A0F00E3B35B /* SearchLinesView.swift */,
				C29F5DFB26E1924C00E3B35B /* StandardLineView.swift */,
			);
			path = SearchLineView;
			sourceTree = "<group>";
		};
		C2C7C80726ED7D9200844546 /* RelatedAPIView */ = {
			isa = PBXGroup;
			children = (
				C2C7C80E26ED7E2500844546 /* LoadingView.swift */,
				C2C7C80C26ED7E1F00844546 /* ErrorView.swift */,
			);
			path = RelatedAPIView;
			sourceTree = "<group>";
		};
		C2CEF99F26F39795001BC244 /* MapViewRep */ = {
			isa = PBXGroup;
			children = (
				C2CEF9A226F39AFA001BC244 /* Home.swift */,
				C2CEF9A026F397A3001BC244 /* MapViewRep.swift */,
			);
			path = MapViewRep;
			sourceTree = "<group>";
		};
		C2FB99BC271EE7BC00523488 /* Archival */ = {
			isa = PBXGroup;
			children = (
				C2F10DA327358F54006DD5F4 /* InformationAboutAnnotations.swift */,
				C2FB99B8271E1CCC00523488 /* BusAndTramMarkerView.swift */,
			);
			path = Archival;
			sourceTree = "<group>";
		};
/* End PBXGroup section */

/* Begin PBXNativeTarget section */
		C22A919026DFAA24007C5AAE /* komunikacjalive */ = {
			isa = PBXNativeTarget;
			buildConfigurationList = C22A91B626DFAA25007C5AAE /* Build configuration list for PBXNativeTarget "komunikacjalive" */;
			buildPhases = (
				C22A918D26DFAA24007C5AAE /* Sources */,
				C22A918E26DFAA24007C5AAE /* Frameworks */,
				C22A918F26DFAA24007C5AAE /* Resources */,
			);
			buildRules = (
			);
			dependencies = (
			);
			name = komunikacjalive;
			packageProductDependencies = (
				C261BE5B27459DAC00553072 /* Lottie */,
			);
			productName = komunikacjalive;
			productReference = C22A919126DFAA24007C5AAE /* komunikacjalive.app */;
			productType = "com.apple.product-type.application";
		};
		C22A91A126DFAA25007C5AAE /* komunikacjaliveTests */ = {
			isa = PBXNativeTarget;
			buildConfigurationList = C22A91B926DFAA25007C5AAE /* Build configuration list for PBXNativeTarget "komunikacjaliveTests" */;
			buildPhases = (
				C22A919E26DFAA25007C5AAE /* Sources */,
				C22A919F26DFAA25007C5AAE /* Frameworks */,
				C22A91A026DFAA25007C5AAE /* Resources */,
			);
			buildRules = (
			);
			dependencies = (
				C22A91A426DFAA25007C5AAE /* PBXTargetDependency */,
			);
			name = komunikacjaliveTests;
			productName = komunikacjaliveTests;
			productReference = C22A91A226DFAA25007C5AAE /* komunikacjaliveTests.xctest */;
			productType = "com.apple.product-type.bundle.unit-test";
		};
		C22A91AC26DFAA25007C5AAE /* komunikacjaliveUITests */ = {
			isa = PBXNativeTarget;
			buildConfigurationList = C22A91BC26DFAA25007C5AAE /* Build configuration list for PBXNativeTarget "komunikacjaliveUITests" */;
			buildPhases = (
				C22A91A926DFAA25007C5AAE /* Sources */,
				C22A91AA26DFAA25007C5AAE /* Frameworks */,
				C22A91AB26DFAA25007C5AAE /* Resources */,
			);
			buildRules = (
			);
			dependencies = (
				C22A91AF26DFAA25007C5AAE /* PBXTargetDependency */,
			);
			name = komunikacjaliveUITests;
			productName = komunikacjaliveUITests;
			productReference = C22A91AD26DFAA25007C5AAE /* komunikacjaliveUITests.xctest */;
			productType = "com.apple.product-type.bundle.ui-testing";
		};
/* End PBXNativeTarget section */

/* Begin PBXProject section */
		C22A918926DFAA24007C5AAE /* Project object */ = {
			isa = PBXProject;
			attributes = {
				LastSwiftUpdateCheck = 1220;
				LastUpgradeCheck = 1220;
				TargetAttributes = {
					C22A919026DFAA24007C5AAE = {
						CreatedOnToolsVersion = 12.2;
					};
					C22A91A126DFAA25007C5AAE = {
						CreatedOnToolsVersion = 12.2;
						TestTargetID = C22A919026DFAA24007C5AAE;
					};
					C22A91AC26DFAA25007C5AAE = {
						CreatedOnToolsVersion = 12.2;
						TestTargetID = C22A919026DFAA24007C5AAE;
					};
				};
			};
			buildConfigurationList = C22A918C26DFAA24007C5AAE /* Build configuration list for PBXProject "komunikacjalive" */;
			compatibilityVersion = "Xcode 9.3";
			developmentRegion = en;
			hasScannedForEncodings = 0;
			knownRegions = (
				en,
				Base,
			);
			mainGroup = C22A918826DFAA24007C5AAE;
			packageReferences = (
				C261BE5A27459DAC00553072 /* XCRemoteSwiftPackageReference "lottie-ios" */,
			);
			productRefGroup = C22A919226DFAA24007C5AAE /* Products */;
			projectDirPath = "";
			projectRoot = "";
			targets = (
				C22A919026DFAA24007C5AAE /* komunikacjalive */,
				C22A91A126DFAA25007C5AAE /* komunikacjaliveTests */,
				C22A91AC26DFAA25007C5AAE /* komunikacjaliveUITests */,
			);
		};
/* End PBXProject section */

/* Begin PBXResourcesBuildPhase section */
		C22A918F26DFAA24007C5AAE /* Resources */ = {
			isa = PBXResourcesBuildPhase;
			buildActionMask = 2147483647;
			files = (
				C22A919C26DFAA25007C5AAE /* Preview Assets.xcassets in Resources */,
				C22A919926DFAA25007C5AAE /* Assets.xcassets in Resources */,
			);
			runOnlyForDeploymentPostprocessing = 0;
		};
		C22A91A026DFAA25007C5AAE /* Resources */ = {
			isa = PBXResourcesBuildPhase;
			buildActionMask = 2147483647;
			files = (
			);
			runOnlyForDeploymentPostprocessing = 0;
		};
		C22A91AB26DFAA25007C5AAE /* Resources */ = {
			isa = PBXResourcesBuildPhase;
			buildActionMask = 2147483647;
			files = (
			);
			runOnlyForDeploymentPostprocessing = 0;
		};
/* End PBXResourcesBuildPhase section */

/* Begin PBXSourcesBuildPhase section */
		C22A918D26DFAA24007C5AAE /* Sources */ = {
			isa = PBXSourcesBuildPhase;
			buildActionMask = 2147483647;
			files = (
				C241E6942716279D00F6F5F7 /* SideMenuViewOption.swift in Sources */,
				C2F10DA427358F54006DD5F4 /* InformationAboutAnnotations.swift in Sources */,
				C22A919726DFAA24007C5AAE /* ContentView.swift in Sources */,
				C241E692271623F000F6F5F7 /* SideMenuHeaderView.swift in Sources */,
				C26A559826ED55EF00199CC6 /* LineService.swift in Sources */,
				C2FB99BB271ED6A900523488 /* AnnotationView.swift in Sources */,
				C226AED5273B5447009E488D /* StandardFavouriteLineView.swift in Sources */,
				C2588F8426DFBD2B00574135 /* VehicleAnnotation.swift in Sources */,
				C2C7C80F26ED7E2500844546 /* LoadingView.swift in Sources */,
				C22A91CA26DFAA89007C5AAE /* MapView.swift in Sources */,
				C22A919526DFAA24007C5AAE /* komunikacjaliveApp.swift in Sources */,
				C241E68E27161DE500F6F5F7 /* SideMenuView.swift in Sources */,
				C2CC359E27176BA90065B6DD /* ExampleView.swift in Sources */,
				C2CEF9A126F397A3001BC244 /* MapViewRep.swift in Sources */,
				C29F5E0F26E19A0F00E3B35B /* SearchLinesView.swift in Sources */,
				C24AEA3C272443E500E34979 /* ClusterView.swift in Sources */,
				C226AED2273B4B67009E488D /* SearchFavLinesView.swift in Sources */,
				C24FEA84270FA52300B61F79 /* OnboardingFeature.swift in Sources */,
				C21029EB27466C5F0086B9B4 /* Appearance.swift in Sources */,
				C24FEA80270FA30000B61F79 /* OnboardingContainerView.swift in Sources */,
				C2CEF9A326F39AFA001BC244 /* Home.swift in Sources */,
				C241E6962716297F00F6F5F7 /* SideMenuCell.swift in Sources */,
				C2860D8426E26A79006BF804 /* GlobalHelpers.swift in Sources */,
				C2FB99B9271E1CCC00523488 /* BusAndTramMarkerView.swift in Sources */,
				C26A559A26ED678E00199CC6 /* APIError.swift in Sources */,
				C2165D7E26E6CD2200808E86 /* LineViewModel.swift in Sources */,
				C246C7FA26E0F2CF00D9F693 /* MockData.swift in Sources */,
				C260568826FB74A400A7CF63 /* BusAndTram.swift in Sources */,
				C2860D6926E243D0006BF804 /* ModalPopUpView.swift in Sources */,
				C29F5DFC26E1924C00E3B35B /* StandardLineView.swift in Sources */,
				C2860D7626E25085006BF804 /* SearchBar.swift in Sources */,
				C246C80226E1057400D9F693 /* MapViewModel.swift in Sources */,
				C261BE5E27459DCD00553072 /* LottieView.swift in Sources */,
				C2C7C80D26ED7E1F00844546 /* ErrorView.swift in Sources */,
				C24FEA82270FA30E00B61F79 /* OnboardingContentView.swift in Sources */,
			);
			runOnlyForDeploymentPostprocessing = 0;
		};
		C22A919E26DFAA25007C5AAE /* Sources */ = {
			isa = PBXSourcesBuildPhase;
			buildActionMask = 2147483647;
			files = (
				C22A91A726DFAA25007C5AAE /* komunikacjaliveTests.swift in Sources */,
			);
			runOnlyForDeploymentPostprocessing = 0;
		};
		C22A91A926DFAA25007C5AAE /* Sources */ = {
			isa = PBXSourcesBuildPhase;
			buildActionMask = 2147483647;
			files = (
				C22A91B226DFAA25007C5AAE /* komunikacjaliveUITests.swift in Sources */,
			);
			runOnlyForDeploymentPostprocessing = 0;
		};
/* End PBXSourcesBuildPhase section */

/* Begin PBXTargetDependency section */
		C22A91A426DFAA25007C5AAE /* PBXTargetDependency */ = {
			isa = PBXTargetDependency;
			target = C22A919026DFAA24007C5AAE /* komunikacjalive */;
			targetProxy = C22A91A326DFAA25007C5AAE /* PBXContainerItemProxy */;
		};
		C22A91AF26DFAA25007C5AAE /* PBXTargetDependency */ = {
			isa = PBXTargetDependency;
			target = C22A919026DFAA24007C5AAE /* komunikacjalive */;
			targetProxy = C22A91AE26DFAA25007C5AAE /* PBXContainerItemProxy */;
		};
/* End PBXTargetDependency section */

/* Begin XCBuildConfiguration section */
		C22A91B426DFAA25007C5AAE /* Debug */ = {
			isa = XCBuildConfiguration;
			buildSettings = {
				ALWAYS_SEARCH_USER_PATHS = NO;
				CLANG_ANALYZER_NONNULL = YES;
				CLANG_ANALYZER_NUMBER_OBJECT_CONVERSION = YES_AGGRESSIVE;
				CLANG_CXX_LANGUAGE_STANDARD = "gnu++14";
				CLANG_CXX_LIBRARY = "libc++";
				CLANG_ENABLE_MODULES = YES;
				CLANG_ENABLE_OBJC_ARC = YES;
				CLANG_ENABLE_OBJC_WEAK = YES;
				CLANG_WARN_BLOCK_CAPTURE_AUTORELEASING = YES;
				CLANG_WARN_BOOL_CONVERSION = YES;
				CLANG_WARN_COMMA = YES;
				CLANG_WARN_CONSTANT_CONVERSION = YES;
				CLANG_WARN_DEPRECATED_OBJC_IMPLEMENTATIONS = YES;
				CLANG_WARN_DIRECT_OBJC_ISA_USAGE = YES_ERROR;
				CLANG_WARN_DOCUMENTATION_COMMENTS = YES;
				CLANG_WARN_EMPTY_BODY = YES;
				CLANG_WARN_ENUM_CONVERSION = YES;
				CLANG_WARN_INFINITE_RECURSION = YES;
				CLANG_WARN_INT_CONVERSION = YES;
				CLANG_WARN_NON_LITERAL_NULL_CONVERSION = YES;
				CLANG_WARN_OBJC_IMPLICIT_RETAIN_SELF = YES;
				CLANG_WARN_OBJC_LITERAL_CONVERSION = YES;
				CLANG_WARN_OBJC_ROOT_CLASS = YES_ERROR;
				CLANG_WARN_QUOTED_INCLUDE_IN_FRAMEWORK_HEADER = YES;
				CLANG_WARN_RANGE_LOOP_ANALYSIS = YES;
				CLANG_WARN_STRICT_PROTOTYPES = YES;
				CLANG_WARN_SUSPICIOUS_MOVE = YES;
				CLANG_WARN_UNGUARDED_AVAILABILITY = YES_AGGRESSIVE;
				CLANG_WARN_UNREACHABLE_CODE = YES;
				CLANG_WARN__DUPLICATE_METHOD_MATCH = YES;
				COPY_PHASE_STRIP = NO;
				DEBUG_INFORMATION_FORMAT = dwarf;
				ENABLE_STRICT_OBJC_MSGSEND = YES;
				ENABLE_TESTABILITY = YES;
				GCC_C_LANGUAGE_STANDARD = gnu11;
				GCC_DYNAMIC_NO_PIC = NO;
				GCC_NO_COMMON_BLOCKS = YES;
				GCC_OPTIMIZATION_LEVEL = 0;
				GCC_PREPROCESSOR_DEFINITIONS = (
					"DEBUG=1",
					"$(inherited)",
				);
				GCC_WARN_64_TO_32_BIT_CONVERSION = YES;
				GCC_WARN_ABOUT_RETURN_TYPE = YES_ERROR;
				GCC_WARN_UNDECLARED_SELECTOR = YES;
				GCC_WARN_UNINITIALIZED_AUTOS = YES_AGGRESSIVE;
				GCC_WARN_UNUSED_FUNCTION = YES;
				GCC_WARN_UNUSED_VARIABLE = YES;
				IPHONEOS_DEPLOYMENT_TARGET = 14.2;
				MTL_ENABLE_DEBUG_INFO = INCLUDE_SOURCE;
				MTL_FAST_MATH = YES;
				ONLY_ACTIVE_ARCH = YES;
				SDKROOT = iphoneos;
				SWIFT_ACTIVE_COMPILATION_CONDITIONS = DEBUG;
				SWIFT_OPTIMIZATION_LEVEL = "-Onone";
			};
			name = Debug;
		};
		C22A91B526DFAA25007C5AAE /* Release */ = {
			isa = XCBuildConfiguration;
			buildSettings = {
				ALWAYS_SEARCH_USER_PATHS = NO;
				CLANG_ANALYZER_NONNULL = YES;
				CLANG_ANALYZER_NUMBER_OBJECT_CONVERSION = YES_AGGRESSIVE;
				CLANG_CXX_LANGUAGE_STANDARD = "gnu++14";
				CLANG_CXX_LIBRARY = "libc++";
				CLANG_ENABLE_MODULES = YES;
				CLANG_ENABLE_OBJC_ARC = YES;
				CLANG_ENABLE_OBJC_WEAK = YES;
				CLANG_WARN_BLOCK_CAPTURE_AUTORELEASING = YES;
				CLANG_WARN_BOOL_CONVERSION = YES;
				CLANG_WARN_COMMA = YES;
				CLANG_WARN_CONSTANT_CONVERSION = YES;
				CLANG_WARN_DEPRECATED_OBJC_IMPLEMENTATIONS = YES;
				CLANG_WARN_DIRECT_OBJC_ISA_USAGE = YES_ERROR;
				CLANG_WARN_DOCUMENTATION_COMMENTS = YES;
				CLANG_WARN_EMPTY_BODY = YES;
				CLANG_WARN_ENUM_CONVERSION = YES;
				CLANG_WARN_INFINITE_RECURSION = YES;
				CLANG_WARN_INT_CONVERSION = YES;
				CLANG_WARN_NON_LITERAL_NULL_CONVERSION = YES;
				CLANG_WARN_OBJC_IMPLICIT_RETAIN_SELF = YES;
				CLANG_WARN_OBJC_LITERAL_CONVERSION = YES;
				CLANG_WARN_OBJC_ROOT_CLASS = YES_ERROR;
				CLANG_WARN_QUOTED_INCLUDE_IN_FRAMEWORK_HEADER = YES;
				CLANG_WARN_RANGE_LOOP_ANALYSIS = YES;
				CLANG_WARN_STRICT_PROTOTYPES = YES;
				CLANG_WARN_SUSPICIOUS_MOVE = YES;
				CLANG_WARN_UNGUARDED_AVAILABILITY = YES_AGGRESSIVE;
				CLANG_WARN_UNREACHABLE_CODE = YES;
				CLANG_WARN__DUPLICATE_METHOD_MATCH = YES;
				COPY_PHASE_STRIP = NO;
				DEBUG_INFORMATION_FORMAT = "dwarf-with-dsym";
				ENABLE_NS_ASSERTIONS = NO;
				ENABLE_STRICT_OBJC_MSGSEND = YES;
				GCC_C_LANGUAGE_STANDARD = gnu11;
				GCC_NO_COMMON_BLOCKS = YES;
				GCC_WARN_64_TO_32_BIT_CONVERSION = YES;
				GCC_WARN_ABOUT_RETURN_TYPE = YES_ERROR;
				GCC_WARN_UNDECLARED_SELECTOR = YES;
				GCC_WARN_UNINITIALIZED_AUTOS = YES_AGGRESSIVE;
				GCC_WARN_UNUSED_FUNCTION = YES;
				GCC_WARN_UNUSED_VARIABLE = YES;
				IPHONEOS_DEPLOYMENT_TARGET = 14.2;
				MTL_ENABLE_DEBUG_INFO = NO;
				MTL_FAST_MATH = YES;
				SDKROOT = iphoneos;
				SWIFT_COMPILATION_MODE = wholemodule;
				SWIFT_OPTIMIZATION_LEVEL = "-O";
				VALIDATE_PRODUCT = YES;
			};
			name = Release;
		};
		C22A91B726DFAA25007C5AAE /* Debug */ = {
			isa = XCBuildConfiguration;
			buildSettings = {
				ASSETCATALOG_COMPILER_APPICON_NAME = AppIcon;
				ASSETCATALOG_COMPILER_GLOBAL_ACCENT_COLOR_NAME = AccentColor;
				CODE_SIGN_STYLE = Automatic;
				DEVELOPMENT_ASSET_PATHS = "\"komunikacjalive/Preview Content\"";
				DEVELOPMENT_TEAM = 776562F654;
				ENABLE_PREVIEWS = YES;
				INFOPLIST_FILE = komunikacjalive/Info.plist;
				IPHONEOS_DEPLOYMENT_TARGET = 14.0;
				LD_RUNPATH_SEARCH_PATHS = (
					"$(inherited)",
					"@executable_path/Frameworks",
				);
				PRODUCT_BUNDLE_IDENTIFIER = com.tamborski.komunikacjalive;
				PRODUCT_NAME = "$(TARGET_NAME)";
				SWIFT_VERSION = 5.0;
				TARGETED_DEVICE_FAMILY = "1,2";
			};
			name = Debug;
		};
		C22A91B826DFAA25007C5AAE /* Release */ = {
			isa = XCBuildConfiguration;
			buildSettings = {
				ASSETCATALOG_COMPILER_APPICON_NAME = AppIcon;
				ASSETCATALOG_COMPILER_GLOBAL_ACCENT_COLOR_NAME = AccentColor;
				CODE_SIGN_STYLE = Automatic;
				DEVELOPMENT_ASSET_PATHS = "\"komunikacjalive/Preview Content\"";
				DEVELOPMENT_TEAM = 776562F654;
				ENABLE_PREVIEWS = YES;
				INFOPLIST_FILE = komunikacjalive/Info.plist;
				IPHONEOS_DEPLOYMENT_TARGET = 14.0;
				LD_RUNPATH_SEARCH_PATHS = (
					"$(inherited)",
					"@executable_path/Frameworks",
				);
				PRODUCT_BUNDLE_IDENTIFIER = com.tamborski.komunikacjalive;
				PRODUCT_NAME = "$(TARGET_NAME)";
				SWIFT_VERSION = 5.0;
				TARGETED_DEVICE_FAMILY = "1,2";
			};
			name = Release;
		};
		C22A91BA26DFAA25007C5AAE /* Debug */ = {
			isa = XCBuildConfiguration;
			buildSettings = {
				ALWAYS_EMBED_SWIFT_STANDARD_LIBRARIES = YES;
				BUNDLE_LOADER = "$(TEST_HOST)";
				CODE_SIGN_STYLE = Automatic;
				DEVELOPMENT_TEAM = 776562F654;
				INFOPLIST_FILE = komunikacjaliveTests/Info.plist;
				IPHONEOS_DEPLOYMENT_TARGET = 14.0;
				LD_RUNPATH_SEARCH_PATHS = (
					"$(inherited)",
					"@executable_path/Frameworks",
					"@loader_path/Frameworks",
				);
				PRODUCT_BUNDLE_IDENTIFIER = com.tamborski.komunikacjaliveTests;
				PRODUCT_NAME = "$(TARGET_NAME)";
				SWIFT_VERSION = 5.0;
				TARGETED_DEVICE_FAMILY = "1,2";
				TEST_HOST = "$(BUILT_PRODUCTS_DIR)/komunikacjalive.app/komunikacjalive";
			};
			name = Debug;
		};
		C22A91BB26DFAA25007C5AAE /* Release */ = {
			isa = XCBuildConfiguration;
			buildSettings = {
				ALWAYS_EMBED_SWIFT_STANDARD_LIBRARIES = YES;
				BUNDLE_LOADER = "$(TEST_HOST)";
				CODE_SIGN_STYLE = Automatic;
				DEVELOPMENT_TEAM = 776562F654;
				INFOPLIST_FILE = komunikacjaliveTests/Info.plist;
				IPHONEOS_DEPLOYMENT_TARGET = 14.0;
				LD_RUNPATH_SEARCH_PATHS = (
					"$(inherited)",
					"@executable_path/Frameworks",
					"@loader_path/Frameworks",
				);
				PRODUCT_BUNDLE_IDENTIFIER = com.tamborski.komunikacjaliveTests;
				PRODUCT_NAME = "$(TARGET_NAME)";
				SWIFT_VERSION = 5.0;
				TARGETED_DEVICE_FAMILY = "1,2";
				TEST_HOST = "$(BUILT_PRODUCTS_DIR)/komunikacjalive.app/komunikacjalive";
			};
			name = Release;
		};
		C22A91BD26DFAA25007C5AAE /* Debug */ = {
			isa = XCBuildConfiguration;
			buildSettings = {
				ALWAYS_EMBED_SWIFT_STANDARD_LIBRARIES = YES;
				CODE_SIGN_STYLE = Automatic;
				DEVELOPMENT_TEAM = 776562F654;
				INFOPLIST_FILE = komunikacjaliveUITests/Info.plist;
				LD_RUNPATH_SEARCH_PATHS = (
					"$(inherited)",
					"@executable_path/Frameworks",
					"@loader_path/Frameworks",
				);
				PRODUCT_BUNDLE_IDENTIFIER = com.tamborski.komunikacjaliveUITests;
				PRODUCT_NAME = "$(TARGET_NAME)";
				SWIFT_VERSION = 5.0;
				TARGETED_DEVICE_FAMILY = "1,2";
				TEST_TARGET_NAME = komunikacjalive;
			};
			name = Debug;
		};
		C22A91BE26DFAA25007C5AAE /* Release */ = {
			isa = XCBuildConfiguration;
			buildSettings = {
				ALWAYS_EMBED_SWIFT_STANDARD_LIBRARIES = YES;
				CODE_SIGN_STYLE = Automatic;
				DEVELOPMENT_TEAM = 776562F654;
				INFOPLIST_FILE = komunikacjaliveUITests/Info.plist;
				LD_RUNPATH_SEARCH_PATHS = (
					"$(inherited)",
					"@executable_path/Frameworks",
					"@loader_path/Frameworks",
				);
				PRODUCT_BUNDLE_IDENTIFIER = com.tamborski.komunikacjaliveUITests;
				PRODUCT_NAME = "$(TARGET_NAME)";
				SWIFT_VERSION = 5.0;
				TARGETED_DEVICE_FAMILY = "1,2";
				TEST_TARGET_NAME = komunikacjalive;
			};
			name = Release;
		};
/* End XCBuildConfiguration section */

/* Begin XCConfigurationList section */
		C22A918C26DFAA24007C5AAE /* Build configuration list for PBXProject "komunikacjalive" */ = {
			isa = XCConfigurationList;
			buildConfigurations = (
				C22A91B426DFAA25007C5AAE /* Debug */,
				C22A91B526DFAA25007C5AAE /* Release */,
			);
			defaultConfigurationIsVisible = 0;
			defaultConfigurationName = Release;
		};
		C22A91B626DFAA25007C5AAE /* Build configuration list for PBXNativeTarget "komunikacjalive" */ = {
			isa = XCConfigurationList;
			buildConfigurations = (
				C22A91B726DFAA25007C5AAE /* Debug */,
				C22A91B826DFAA25007C5AAE /* Release */,
			);
			defaultConfigurationIsVisible = 0;
			defaultConfigurationName = Release;
		};
		C22A91B926DFAA25007C5AAE /* Build configuration list for PBXNativeTarget "komunikacjaliveTests" */ = {
			isa = XCConfigurationList;
			buildConfigurations = (
				C22A91BA26DFAA25007C5AAE /* Debug */,
				C22A91BB26DFAA25007C5AAE /* Release */,
			);
			defaultConfigurationIsVisible = 0;
			defaultConfigurationName = Release;
		};
		C22A91BC26DFAA25007C5AAE /* Build configuration list for PBXNativeTarget "komunikacjaliveUITests" */ = {
			isa = XCConfigurationList;
			buildConfigurations = (
				C22A91BD26DFAA25007C5AAE /* Debug */,
				C22A91BE26DFAA25007C5AAE /* Release */,
			);
			defaultConfigurationIsVisible = 0;
			defaultConfigurationName = Release;
		};
/* End XCConfigurationList section */

/* Begin XCRemoteSwiftPackageReference section */
		C261BE5A27459DAC00553072 /* XCRemoteSwiftPackageReference "lottie-ios" */ = {
			isa = XCRemoteSwiftPackageReference;
			repositoryURL = "https://github.com/airbnb/lottie-ios";
			requirement = {
				kind = upToNextMajorVersion;
				minimumVersion = 3.0.0;
			};
		};
/* End XCRemoteSwiftPackageReference section */

/* Begin XCSwiftPackageProductDependency section */
		C261BE5B27459DAC00553072 /* Lottie */ = {
			isa = XCSwiftPackageProductDependency;
			package = C261BE5A27459DAC00553072 /* XCRemoteSwiftPackageReference "lottie-ios" */;
			productName = Lottie;
		};
/* End XCSwiftPackageProductDependency section */
	};
	rootObject = C22A918926DFAA24007C5AAE /* Project object */;
}
