{
  "object": {
    "pins": [
      {
        "package": "Lottie",
        "repositoryURL": "https://github.com/airbnb/lottie-ios",
        "state": {
          "branch": "master",
          "revision": "5126a4bf1ced3c3445457a1dbcce297a1cf2fab5",
          "version": null
        }
      }
    ]
  },
  "version": 1
}
